
Microsoft Visual Studio Solution File, Format Version 12.00
# Visual Studio 15
VisualStudioVersion = 15.0.26228.4
MinimumVisualStudioVersion = 10.0.40219.1
Project("{FAE04EC0-301F-11D3-BF4B-00C04F79EFBC}") = "Methods", "Methods\Methods.csproj", "{F8C6AEE9-5716-421E-9E36-C0F1C445D496}"
EndProject
Project("{FAE04EC0-301F-11D3-BF4B-00C04F79EFBC}") = "Auth", "Auth\Auth.csproj", "{11CD5DED-1B7E-4839-84E1-6A58DD3F8CC5}"
EndProject
Project("{FAE04EC0-301F-11D3-BF4B-00C04F79EFBC}") = "BMIResommendations", "BMIResommendations\BMIResommendations.csproj", "{6AEAF3C0-865A-417F-85AE-147B3BE57108}"
EndProject
Project("{FAE04EC0-301F-11D3-BF4B-00C04F79EFBC}") = "Sum", "Sum\Sum.csproj", "{91CAD961-E3E9-4AAF-8701-6F0CC11D2E4A}"
EndProject
Project("{FAE04EC0-301F-11D3-BF4B-00C04F79EFBC}") = "GoodNumbers", "GoodNumbers\GoodNumbers.csproj", "{8B13CF9E-346E-42AF-BA96-45174E68AB5B}"
EndProject
Global
	GlobalSection(SolutionConfigurationPlatforms) = preSolution
		Debug|Any CPU = Debug|Any CPU
		Release|Any CPU = Release|Any CPU
	EndGlobalSection
	GlobalSection(ProjectConfigurationPlatforms) = postSolution
		{F8C6AEE9-5716-421E-9E36-C0F1C445D496}.Debug|Any CPU.ActiveCfg = Debug|Any CPU
		{F8C6AEE9-5716-421E-9E36-C0F1C445D496}.Debug|Any CPU.Build.0 = Debug|Any CPU
		{F8C6AEE9-5716-421E-9E36-C0F1C445D496}.Release|Any CPU.ActiveCfg = Release|Any CPU
		{F8C6AEE9-5716-421E-9E36-C0F1C445D496}.Release|Any CPU.Build.0 = Release|Any CPU
		{11CD5DED-1B7E-4839-84E1-6A58DD3F8CC5}.Debug|Any CPU.ActiveCfg = Debug|Any CPU
		{11CD5DED-1B7E-4839-84E1-6A58DD3F8CC5}.Debug|Any CPU.Build.0 = Debug|Any CPU
		{11CD5DED-1B7E-4839-84E1-6A58DD3F8CC5}.Release|Any CPU.ActiveCfg = Release|Any CPU
		{11CD5DED-1B7E-4839-84E1-6A58DD3F8CC5}.Release|Any CPU.Build.0 = Release|Any CPU
		{6AEAF3C0-865A-417F-85AE-147B3BE57108}.Debug|Any CPU.ActiveCfg = Debug|Any CPU
		{6AEAF3C0-865A-417F-85AE-147B3BE57108}.Debug|Any CPU.Build.0 = Debug|Any CPU
		{6AEAF3C0-865A-417F-85AE-147B3BE57108}.Release|Any CPU.ActiveCfg = Release|Any CPU
		{6AEAF3C0-865A-417F-85AE-147B3BE57108}.Release|Any CPU.Build.0 = Release|Any CPU
		{91CAD961-E3E9-4AAF-8701-6F0CC11D2E4A}.Debug|Any CPU.ActiveCfg = Debug|Any CPU
		{91CAD961-E3E9-4AAF-8701-6F0CC11D2E4A}.Debug|Any CPU.Build.0 = Debug|Any CPU
		{91CAD961-E3E9-4AAF-8701-6F0CC11D2E4A}.Release|Any CPU.ActiveCfg = Release|Any CPU
		{91CAD961-E3E9-4AAF-8701-6F0CC11D2E4A}.Release|Any CPU.Build.0 = Release|Any CPU
		{8B13CF9E-346E-42AF-BA96-45174E68AB5B}.Debug|Any CPU.ActiveCfg = Debug|Any CPU
		{8B13CF9E-346E-42AF-BA96-45174E68AB5B}.Debug|Any CPU.Build.0 = Debug|Any CPU
		{8B13CF9E-346E-42AF-BA96-45174E68AB5B}.Release|Any CPU.ActiveCfg = Release|Any CPU
		{8B13CF9E-346E-42AF-BA96-45174E68AB5B}.Release|Any CPU.Build.0 = Release|Any CPU
	EndGlobalSection
	GlobalSection(SolutionProperties) = preSolution
		HideSolutionNode = FALSE
	EndGlobalSection
EndGlobal
